{
  "object": {
    "pins": [
      {
        "package": "discretional-precision",
        "repositoryURL": "https://github.com/joannis/discretional-precision.git",
        "state": {
          "branch": "master",
          "revision": "f637eb27ef0269d6b7d3eb406c8244b57fe23b5e",
          "version": null
        }
      },
      {
        "package": "swift-crypto",
        "repositoryURL": "https://github.com/apple/swift-crypto.git",
        "state": {
          "branch": null,
          "revision": "afe4c9b5f65b612a2bd4b1cb5ac70eb5841f278e",
          "version": "1.1.0-rc.2"
        }
      }
    ]
  },
  "version": 1
}
